{
    "name": "微信小程序手机号快捷登录弹窗、用户隐私协议进行统一封装。",
    "version": "1.0.0",
    "lockfileVersion": 3,
    "requires": true,
    "packages": {
        "": {
            "name": "微信小程序手机号快捷登录弹窗、用户隐私协议进行统一封装。",
            "version": "1.0.0",
            "dependencies": {
                "dingtalk-h5-remote-debug": "^0.1.3",
                "dingtalk-jsapi": "^3.2.0"
            }
        },
        "node_modules/dingtalk-h5-remote-debug": {
            "version": "0.1.3",
            "resolved": "https://registry.npmmirror.com/dingtalk-h5-remote-debug/-/dingtalk-h5-remote-debug-0.1.3.tgz",
            "integrity": "sha512-ZEcPflCs5lFFY9vXeCz+M8tbn9kPSCkybYSIbvuSfvGkTb1tMqivr0Vo32CpxcT59nahuRXTfR0tHUIDuxVKfQ==",
            "license": "MIT"
        },
        "node_modules/dingtalk-jsapi": {
            "version": "3.2.0",
            "resolved": "https://registry.npmmirror.com/dingtalk-jsapi/-/dingtalk-jsapi-3.2.0.tgz",
            "integrity": "sha512-PZhTM1T9ERdaOzjFbyokegVmf/vUVvlg0BKcMiP1bB0e3vBflroPpbW2SjrZEKuvFxFtuFDpvYpk2EhbbKH/6Q==",
            "license": "MIT",
            "dependencies": {
                "promise-polyfill": "^7.1.0"
            }
        },
        "node_modules/promise-polyfill": {
            "version": "7.1.2",
            "resolved": "https://registry.npmmirror.com/promise-polyfill/-/promise-polyfill-7.1.2.tgz",
            "integrity": "sha512-FuEc12/eKqqoRYIGBrUptCBRhobL19PS2U31vMNTfyck1FxPyMfgsXyW4Mav85y/ZN1hop3hOwRlUDok23oYfQ==",
            "license": "MIT"
        }
    }
}
